
Microsoft Visual Studio Solution File, Format Version 12.00
# Visual Studio Version 16
VisualStudioVersion = 16.0.29806.167
MinimumVisualStudioVersion = 10.0.40219.1
Project("{8BC9CEB8-8B4A-11D0-8D11-00A0C91BC942}") = "ASSN7", "ASSN7.vcxproj", "{1C38D4FA-EC86-4142-9468-946C8C908A5E}"
EndProject
Global
	GlobalSection(SolutionConfigurationPlatforms) = preSolution
		Debug|x64 = Debug|x64
		Debug|x86 = Debug|x86
		Release|x64 = Release|x64
		Release|x86 = Release|x86
	EndGlobalSection
	GlobalSection(ProjectConfigurationPlatforms) = postSolution
		{1C38D4FA-EC86-4142-9468-946C8C908A5E}.Debug|x64.ActiveCfg = Debug|x64
		{1C38D4FA-EC86-4142-9468-946C8C908A5E}.Debug|x64.Build.0 = Debug|x64
		{1C38D4FA-EC86-4142-9468-946C8C908A5E}.Debug|x86.ActiveCfg = Debug|Win32
		{1C38D4FA-EC86-4142-9468-946C8C908A5E}.Debug|x86.Build.0 = Debug|Win32
		{1C38D4FA-EC86-4142-9468-946C8C908A5E}.Release|x64.ActiveCfg = Release|x64
		{1C38D4FA-EC86-4142-9468-946C8C908A5E}.Release|x64.Build.0 = Release|x64
		{1C38D4FA-EC86-4142-9468-946C8C908A5E}.Release|x86.ActiveCfg = Release|Win32
		{1C38D4FA-EC86-4142-9468-946C8C908A5E}.Release|x86.Build.0 = Release|Win32
	EndGlobalSection
	GlobalSection(SolutionProperties) = preSolution
		HideSolutionNode = FALSE
	EndGlobalSection
	GlobalSection(ExtensibilityGlobals) = postSolution
		SolutionGuid = {CE44F57F-A3A0-4CCB-A78B-BA68B97A0FA0}
	EndGlobalSection
EndGlobal
